
Microsoft Visual Studio Solution File, Format Version 12.00
# Visual Studio 15
VisualStudioVersion = 15.0.27428.2027
MinimumVisualStudioVersion = 10.0.40219.1
Project("{8BC9CEB8-8B4A-11D0-8D11-00A0C91BC942}") = "CppIntro2", "CppIntro2\CppIntro2.vcxproj", "{F1B2D311-04EB-41C2-B232-E78CB4721805}"
EndProject
Global
	GlobalSection(SolutionConfigurationPlatforms) = preSolution
		Debug|x64 = Debug|x64
		Debug|x86 = Debug|x86
		Release|x64 = Release|x64
		Release|x86 = Release|x86
	EndGlobalSection
	GlobalSection(ProjectConfigurationPlatforms) = postSolution
		{F1B2D311-04EB-41C2-B232-E78CB4721805}.Debug|x64.ActiveCfg = Debug|x64
		{F1B2D311-04EB-41C2-B232-E78CB4721805}.Debug|x64.Build.0 = Debug|x64
		{F1B2D311-04EB-41C2-B232-E78CB4721805}.Debug|x86.ActiveCfg = Debug|Win32
		{F1B2D311-04EB-41C2-B232-E78CB4721805}.Debug|x86.Build.0 = Debug|Win32
		{F1B2D311-04EB-41C2-B232-E78CB4721805}.Release|x64.ActiveCfg = Release|x64
		{F1B2D311-04EB-41C2-B232-E78CB4721805}.Release|x64.Build.0 = Release|x64
		{F1B2D311-04EB-41C2-B232-E78CB4721805}.Release|x86.ActiveCfg = Release|Win32
		{F1B2D311-04EB-41C2-B232-E78CB4721805}.Release|x86.Build.0 = Release|Win32
	EndGlobalSection
	GlobalSection(SolutionProperties) = preSolution
		HideSolutionNode = FALSE
	EndGlobalSection
	GlobalSection(ExtensibilityGlobals) = postSolution
		SolutionGuid = {265D7999-26C1-4BEC-9F2B-3E3FBC840618}
	EndGlobalSection
EndGlobal
